
Microsoft Visual Studio Solution File, Format Version 12.00
# Visual Studio Version 17
VisualStudioVersion = 17.2.32516.85
MinimumVisualStudioVersion = 10.0.40219.1
Project("{FAE04EC0-301F-11D3-BF4B-00C04F79EFBC}") = "PáginaWebUno", "PáginaWebUno\PáginaWebUno.csproj", "{0FD5429F-BC8C-4136-B37E-7A6618581880}"
EndProject
Global
	GlobalSection(SolutionConfigurationPlatforms) = preSolution
		Debug|Any CPU = Debug|Any CPU
		Release|Any CPU = Release|Any CPU
	EndGlobalSection
	GlobalSection(ProjectConfigurationPlatforms) = postSolution
		{0FD5429F-BC8C-4136-B37E-7A6618581880}.Debug|Any CPU.ActiveCfg = Debug|Any CPU
		{0FD5429F-BC8C-4136-B37E-7A6618581880}.Debug|Any CPU.Build.0 = Debug|Any CPU
		{0FD5429F-BC8C-4136-B37E-7A6618581880}.Release|Any CPU.ActiveCfg = Release|Any CPU
		{0FD5429F-BC8C-4136-B37E-7A6618581880}.Release|Any CPU.Build.0 = Release|Any CPU
	EndGlobalSection
	GlobalSection(SolutionProperties) = preSolution
		HideSolutionNode = FALSE
	EndGlobalSection
	GlobalSection(ExtensibilityGlobals) = postSolution
		SolutionGuid = {7DB4973E-FD7B-4761-9B13-7C4E9552CD5E}
	EndGlobalSection
EndGlobal
